// !$*UTF8*$!
{
	archiveVersion = 1;
	classes = {
	};
	objectVersion = 46;
	objects = {

/* Begin PBXBuildFile section */
		17850EFCD84561BE15857446 /* Pods_Cantor.framework in Frameworks */ = {isa = PBXBuildFile; fileRef = 24E2BEBB464B4862272A83A6 /* Pods_Cantor.framework */; };
		648EC49DBB3EB6D53BD0D135 /* Pods_CantorTests.framework in Frameworks */ = {isa = PBXBuildFile; fileRef = 0D2D25E4CBA50E3C4624D0BC /* Pods_CantorTests.framework */; };
		7338555E548C55E847350D0F /* Pods_CantorUITests.framework in Frameworks */ = {isa = PBXBuildFile; fileRef = 39EBE8636DEB0FD3A7B6B094 /* Pods_CantorUITests.framework */; };
		77B37F061F184D29001DC2D3 /* Cantor.swift in Sources */ = {isa = PBXBuildFile; fileRef = 77B37F051F184D29001DC2D3 /* Cantor.swift */; };
		77B37F091F18D01B001DC2D3 /* currencies.plist in Resources */ = {isa = PBXBuildFile; fileRef = 77B37F081F18D01B001DC2D3 /* currencies.plist */; };
		77FDFF241F1562C4001FBC92 /* AppDelegate.swift in Sources */ = {isa = PBXBuildFile; fileRef = 77FDFF231F1562C4001FBC92 /* AppDelegate.swift */; };
		77FDFF261F1562C4001FBC92 /* ViewController.swift in Sources */ = {isa = PBXBuildFile; fileRef = 77FDFF251F1562C4001FBC92 /* ViewController.swift */; };
		77FDFF291F1562C4001FBC92 /* Main.storyboard in Resources */ = {isa = PBXBuildFile; fileRef = 77FDFF271F1562C4001FBC92 /* Main.storyboard */; };
		77FDFF2B1F1562C4001FBC92 /* Assets.xcassets in Resources */ = {isa = PBXBuildFile; fileRef = 77FDFF2A1F1562C4001FBC92 /* Assets.xcassets */; };
		77FDFF2E1F1562C4001FBC92 /* LaunchScreen.storyboard in Resources */ = {isa = PBXBuildFile; fileRef = 77FDFF2C1F1562C4001FBC92 /* LaunchScreen.storyboard */; };
		77FDFF391F1562C4001FBC92 /* CantorTests.swift in Sources */ = {isa = PBXBuildFile; fileRef = 77FDFF381F1562C4001FBC92 /* CantorTests.swift */; };
		77FDFF441F1562C4001FBC92 /* CantorUITests.swift in Sources */ = {isa = PBXBuildFile; fileRef = 77FDFF431F1562C4001FBC92 /* CantorUITests.swift */; };
		77FDFF5C1F166B24001FBC92 /* SuccessViewController.swift in Sources */ = {isa = PBXBuildFile; fileRef = 77FDFF5B1F166B24001FBC92 /* SuccessViewController.swift */; };
		77FDFF5E1F166CF5001FBC92 /* FailedViewController.swift in Sources */ = {isa = PBXBuildFile; fileRef = 77FDFF5D1F166CF5001FBC92 /* FailedViewController.swift */; };
		77FDFF601F1692F3001FBC92 /* GoogleService-Info.plist in Resources */ = {isa = PBXBuildFile; fileRef = 77FDFF5F1F1692F3001FBC92 /* GoogleService-Info.plist */; };
/* End PBXBuildFile section */

/* Begin PBXContainerItemProxy section */
		77FDFF351F1562C4001FBC92 /* PBXContainerItemProxy */ = {
			isa = PBXContainerItemProxy;
			containerPortal = 77FDFF181F1562C4001FBC92 /* Project object */;
			proxyType = 1;
			remoteGlobalIDString = 77FDFF1F1F1562C4001FBC92;
			remoteInfo = Cantor;
		};
		77FDFF401F1562C4001FBC92 /* PBXContainerItemProxy */ = {
			isa = PBXContainerItemProxy;
			containerPortal = 77FDFF181F1562C4001FBC92 /* Project object */;
			proxyType = 1;
			remoteGlobalIDString = 77FDFF1F1F1562C4001FBC92;
			remoteInfo = Cantor;
		};
/* End PBXContainerItemProxy section */

/* Begin PBXFileReference section */
		08E040EDE5596A3E64BA4637 /* Pods-CantorUITests.debug.xcconfig */ = {isa = PBXFileReference; includeInIndex = 1; lastKnownFileType = text.xcconfig; name = "Pods-CantorUITests.debug.xcconfig"; path = "Pods/Target Support Files/Pods-CantorUITests/Pods-CantorUITests.debug.xcconfig"; sourceTree = "<group>"; };
		0D2D25E4CBA50E3C4624D0BC /* Pods_CantorTests.framework */ = {isa = PBXFileReference; explicitFileType = wrapper.framework; includeInIndex = 0; path = Pods_CantorTests.framework; sourceTree = BUILT_PRODUCTS_DIR; };
		24E2BEBB464B4862272A83A6 /* Pods_Cantor.framework */ = {isa = PBXFileReference; explicitFileType = wrapper.framework; includeInIndex = 0; path = Pods_Cantor.framework; sourceTree = BUILT_PRODUCTS_DIR; };
		2837D8E5589E034CC071F3D7 /* Pods-Cantor.release.xcconfig */ = {isa = PBXFileReference; includeInIndex = 1; lastKnownFileType = text.xcconfig; name = "Pods-Cantor.release.xcconfig"; path = "Pods/Target Support Files/Pods-Cantor/Pods-Cantor.release.xcconfig"; sourceTree = "<group>"; };
		39EBE8636DEB0FD3A7B6B094 /* Pods_CantorUITests.framework */ = {isa = PBXFileReference; explicitFileType = wrapper.framework; includeInIndex = 0; path = Pods_CantorUITests.framework; sourceTree = BUILT_PRODUCTS_DIR; };
		77B37F051F184D29001DC2D3 /* Cantor.swift */ = {isa = PBXFileReference; fileEncoding = 4; lastKnownFileType = sourcecode.swift; path = Cantor.swift; sourceTree = "<group>"; };
		77B37F081F18D01B001DC2D3 /* currencies.plist */ = {isa = PBXFileReference; fileEncoding = 4; lastKnownFileType = text.plist.xml; path = currencies.plist; sourceTree = "<group>"; };
		77B37F0B1F18E691001DC2D3 /* pl */ = {isa = PBXFileReference; lastKnownFileType = text.plist.strings; name = pl; path = pl.lproj/Main.strings; sourceTree = "<group>"; };
		77B37F0C1F18E691001DC2D3 /* pl */ = {isa = PBXFileReference; lastKnownFileType = text.plist.strings; name = pl; path = pl.lproj/LaunchScreen.strings; sourceTree = "<group>"; };
		77FDFF201F1562C4001FBC92 /* Cantor.app */ = {isa = PBXFileReference; explicitFileType = wrapper.application; includeInIndex = 0; path = Cantor.app; sourceTree = BUILT_PRODUCTS_DIR; };
		77FDFF231F1562C4001FBC92 /* AppDelegate.swift */ = {isa = PBXFileReference; lastKnownFileType = sourcecode.swift; path = AppDelegate.swift; sourceTree = "<group>"; };
		77FDFF251F1562C4001FBC92 /* ViewController.swift */ = {isa = PBXFileReference; lastKnownFileType = sourcecode.swift; path = ViewController.swift; sourceTree = "<group>"; };
		77FDFF281F1562C4001FBC92 /* Base */ = {isa = PBXFileReference; lastKnownFileType = file.storyboard; name = Base; path = Base.lproj/Main.storyboard; sourceTree = "<group>"; };
		77FDFF2A1F1562C4001FBC92 /* Assets.xcassets */ = {isa = PBXFileReference; lastKnownFileType = folder.assetcatalog; path = Assets.xcassets; sourceTree = "<group>"; };
		77FDFF2D1F1562C4001FBC92 /* Base */ = {isa = PBXFileReference; lastKnownFileType = file.storyboard; name = Base; path = Base.lproj/LaunchScreen.storyboard; sourceTree = "<group>"; };
		77FDFF2F1F1562C4001FBC92 /* Info.plist */ = {isa = PBXFileReference; lastKnownFileType = text.plist.xml; path = Info.plist; sourceTree = "<group>"; };
		77FDFF341F1562C4001FBC92 /* CantorTests.xctest */ = {isa = PBXFileReference; explicitFileType = wrapper.cfbundle; includeInIndex = 0; path = CantorTests.xctest; sourceTree = BUILT_PRODUCTS_DIR; };
		77FDFF381F1562C4001FBC92 /* CantorTests.swift */ = {isa = PBXFileReference; lastKnownFileType = sourcecode.swift; path = CantorTests.swift; sourceTree = "<group>"; };
		77FDFF3A1F1562C4001FBC92 /* Info.plist */ = {isa = PBXFileReference; lastKnownFileType = text.plist.xml; path = Info.plist; sourceTree = "<group>"; };
		77FDFF3F1F1562C4001FBC92 /* CantorUITests.xctest */ = {isa = PBXFileReference; explicitFileType = wrapper.cfbundle; includeInIndex = 0; path = CantorUITests.xctest; sourceTree = BUILT_PRODUCTS_DIR; };
		77FDFF431F1562C4001FBC92 /* CantorUITests.swift */ = {isa = PBXFileReference; lastKnownFileType = sourcecode.swift; path = CantorUITests.swift; sourceTree = "<group>"; };
		77FDFF451F1562C4001FBC92 /* Info.plist */ = {isa = PBXFileReference; lastKnownFileType = text.plist.xml; path = Info.plist; sourceTree = "<group>"; };
		77FDFF5B1F166B24001FBC92 /* SuccessViewController.swift */ = {isa = PBXFileReference; fileEncoding = 4; lastKnownFileType = sourcecode.swift; path = SuccessViewController.swift; sourceTree = "<group>"; };
		77FDFF5D1F166CF5001FBC92 /* FailedViewController.swift */ = {isa = PBXFileReference; fileEncoding = 4; lastKnownFileType = sourcecode.swift; path = FailedViewController.swift; sourceTree = "<group>"; };
		77FDFF5F1F1692F3001FBC92 /* GoogleService-Info.plist */ = {isa = PBXFileReference; fileEncoding = 4; lastKnownFileType = text.plist.xml; name = "GoogleService-Info.plist"; path = "../../../GoogleService-Info.plist"; sourceTree = "<group>"; };
		884485D1EF4ACAF85BFD57B9 /* Pods-Cantor.debug.xcconfig */ = {isa = PBXFileReference; includeInIndex = 1; lastKnownFileType = text.xcconfig; name = "Pods-Cantor.debug.xcconfig"; path = "Pods/Target Support Files/Pods-Cantor/Pods-Cantor.debug.xcconfig"; sourceTree = "<group>"; };
		8BC20AE6F4E771DEBADAD2A5 /* Pods-CantorUITests.release.xcconfig */ = {isa = PBXFileReference; includeInIndex = 1; lastKnownFileType = text.xcconfig; name = "Pods-CantorUITests.release.xcconfig"; path = "Pods/Target Support Files/Pods-CantorUITests/Pods-CantorUITests.release.xcconfig"; sourceTree = "<group>"; };
		91CABEBEAC23BEDD305C6994 /* Pods-CantorTests.release.xcconfig */ = {isa = PBXFileReference; includeInIndex = 1; lastKnownFileType = text.xcconfig; name = "Pods-CantorTests.release.xcconfig"; path = "Pods/Target Support Files/Pods-CantorTests/Pods-CantorTests.release.xcconfig"; sourceTree = "<group>"; };
		FC9F9C8F7063BDE56083BE53 /* Pods-CantorTests.debug.xcconfig */ = {isa = PBXFileReference; includeInIndex = 1; lastKnownFileType = text.xcconfig; name = "Pods-CantorTests.debug.xcconfig"; path = "Pods/Target Support Files/Pods-CantorTests/Pods-CantorTests.debug.xcconfig"; sourceTree = "<group>"; };
/* End PBXFileReference section */

/* Begin PBXFrameworksBuildPhase section */
		77FDFF1D1F1562C4001FBC92 /* Frameworks */ = {
			isa = PBXFrameworksBuildPhase;
			buildActionMask = 2147483647;
			files = (
				17850EFCD84561BE15857446 /* Pods_Cantor.framework in Frameworks */,
			);
			runOnlyForDeploymentPostprocessing = 0;
		};
		77FDFF311F1562C4001FBC92 /* Frameworks */ = {
			isa = PBXFrameworksBuildPhase;
			buildActionMask = 2147483647;
			files = (
				648EC49DBB3EB6D53BD0D135 /* Pods_CantorTests.framework in Frameworks */,
			);
			runOnlyForDeploymentPostprocessing = 0;
		};
		77FDFF3C1F1562C4001FBC92 /* Frameworks */ = {
			isa = PBXFrameworksBuildPhase;
			buildActionMask = 2147483647;
			files = (
				7338555E548C55E847350D0F /* Pods_CantorUITests.framework in Frameworks */,
			);
			runOnlyForDeploymentPostprocessing = 0;
		};
/* End PBXFrameworksBuildPhase section */

/* Begin PBXGroup section */
		6B8C7CE0D8173D0E853E2F3F /* Pods */ = {
			isa = PBXGroup;
			children = (
				884485D1EF4ACAF85BFD57B9 /* Pods-Cantor.debug.xcconfig */,
				2837D8E5589E034CC071F3D7 /* Pods-Cantor.release.xcconfig */,
				FC9F9C8F7063BDE56083BE53 /* Pods-CantorTests.debug.xcconfig */,
				91CABEBEAC23BEDD305C6994 /* Pods-CantorTests.release.xcconfig */,
				08E040EDE5596A3E64BA4637 /* Pods-CantorUITests.debug.xcconfig */,
				8BC20AE6F4E771DEBADAD2A5 /* Pods-CantorUITests.release.xcconfig */,
			);
			name = Pods;
			sourceTree = "<group>";
		};
		77B37F021F184C63001DC2D3 /* ViewControllers */ = {
			isa = PBXGroup;
			children = (
				77FDFF5B1F166B24001FBC92 /* SuccessViewController.swift */,
				77FDFF5D1F166CF5001FBC92 /* FailedViewController.swift */,
				77FDFF251F1562C4001FBC92 /* ViewController.swift */,
			);
			name = ViewControllers;
			sourceTree = "<group>";
		};
		77B37F031F184C8E001DC2D3 /* Interfaces */ = {
			isa = PBXGroup;
			children = (
				77FDFF271F1562C4001FBC92 /* Main.storyboard */,
				77FDFF2C1F1562C4001FBC92 /* LaunchScreen.storyboard */,
			);
			name = Interfaces;
			sourceTree = "<group>";
		};
		77B37F041F184CC4001DC2D3 /* Assets */ = {
			isa = PBXGroup;
			children = (
				77FDFF2A1F1562C4001FBC92 /* Assets.xcassets */,
			);
			name = Assets;
			sourceTree = "<group>";
		};
		77B37F071F184D4B001DC2D3 /* Models */ = {
			isa = PBXGroup;
			children = (
				77B37F051F184D29001DC2D3 /* Cantor.swift */,
			);
			name = Models;
			sourceTree = "<group>";
		};
		77B37F0A1F18D034001DC2D3 /* Data */ = {
			isa = PBXGroup;
			children = (
				77B37F081F18D01B001DC2D3 /* currencies.plist */,
			);
			name = Data;
			sourceTree = "<group>";
		};
		77FDFF171F1562C4001FBC92 = {
			isa = PBXGroup;
			children = (
				77FDFF221F1562C4001FBC92 /* Cantor */,
				77FDFF371F1562C4001FBC92 /* CantorTests */,
				77FDFF421F1562C4001FBC92 /* CantorUITests */,
				77FDFF211F1562C4001FBC92 /* Products */,
				6B8C7CE0D8173D0E853E2F3F /* Pods */,
				DD3D259BE0D92E2C892FA7E8 /* Frameworks */,
			);
			sourceTree = "<group>";
		};
		77FDFF211F1562C4001FBC92 /* Products */ = {
			isa = PBXGroup;
			children = (
				77FDFF201F1562C4001FBC92 /* Cantor.app */,
				77FDFF341F1562C4001FBC92 /* CantorTests.xctest */,
				77FDFF3F1F1562C4001FBC92 /* CantorUITests.xctest */,
			);
			name = Products;
			sourceTree = "<group>";
		};
		77FDFF221F1562C4001FBC92 /* Cantor */ = {
			isa = PBXGroup;
			children = (
				77B37F041F184CC4001DC2D3 /* Assets */,
				77FDFF231F1562C4001FBC92 /* AppDelegate.swift */,
				77B37F0A1F18D034001DC2D3 /* Data */,
				77B37F071F184D4B001DC2D3 /* Models */,
				77FDFF541F1640D3001FBC92 /* App */,
				77B37F031F184C8E001DC2D3 /* Interfaces */,
				77FDFF2F1F1562C4001FBC92 /* Info.plist */,
				77FDFF5F1F1692F3001FBC92 /* GoogleService-Info.plist */,
			);
			path = Cantor;
			sourceTree = "<group>";
		};
		77FDFF371F1562C4001FBC92 /* CantorTests */ = {
			isa = PBXGroup;
			children = (
				77FDFF381F1562C4001FBC92 /* CantorTests.swift */,
				77FDFF3A1F1562C4001FBC92 /* Info.plist */,
			);
			path = CantorTests;
			sourceTree = "<group>";
		};
		77FDFF421F1562C4001FBC92 /* CantorUITests */ = {
			isa = PBXGroup;
			children = (
				77FDFF431F1562C4001FBC92 /* CantorUITests.swift */,
				77FDFF451F1562C4001FBC92 /* Info.plist */,
			);
			path = CantorUITests;
			sourceTree = "<group>";
		};
		77FDFF541F1640D3001FBC92 /* App */ = {
			isa = PBXGroup;
			children = (
				77B37F021F184C63001DC2D3 /* ViewControllers */,
			);
			name = App;
			sourceTree = "<group>";
		};
		DD3D259BE0D92E2C892FA7E8 /* Frameworks */ = {
			isa = PBXGroup;
			children = (
				24E2BEBB464B4862272A83A6 /* Pods_Cantor.framework */,
				0D2D25E4CBA50E3C4624D0BC /* Pods_CantorTests.framework */,
				39EBE8636DEB0FD3A7B6B094 /* Pods_CantorUITests.framework */,
			);
			name = Frameworks;
			sourceTree = "<group>";
		};
/* End PBXGroup section */

/* Begin PBXNativeTarget section */
		77FDFF1F1F1562C4001FBC92 /* Cantor */ = {
			isa = PBXNativeTarget;
			buildConfigurationList = 77FDFF481F1562C4001FBC92 /* Build configuration list for PBXNativeTarget "Cantor" */;
			buildPhases = (
				41418082D3CF795664CC11DB /* [CP] Check Pods Manifest.lock */,
				77FDFF1C1F1562C4001FBC92 /* Sources */,
				77FDFF1D1F1562C4001FBC92 /* Frameworks */,
				77FDFF1E1F1562C4001FBC92 /* Resources */,
				77FDFF511F156460001FBC92 /* ShellScript */,
				0A0EAB9F84A6BC1DE6F32C8D /* [CP] Embed Pods Frameworks */,
				72DF83C4B94F6F92CBE085E1 /* [CP] Copy Pods Resources */,
			);
			buildRules = (
			);
			dependencies = (
			);
			name = Cantor;
			productName = Cantor;
			productReference = 77FDFF201F1562C4001FBC92 /* Cantor.app */;
			productType = "com.apple.product-type.application";
		};
		77FDFF331F1562C4001FBC92 /* CantorTests */ = {
			isa = PBXNativeTarget;
			buildConfigurationList = 77FDFF4B1F1562C4001FBC92 /* Build configuration list for PBXNativeTarget "CantorTests" */;
			buildPhases = (
				A0E72D48F65C638CF9CBC59E /* [CP] Check Pods Manifest.lock */,
				77FDFF301F1562C4001FBC92 /* Sources */,
				77FDFF311F1562C4001FBC92 /* Frameworks */,
				77FDFF321F1562C4001FBC92 /* Resources */,
				41D3324EE9417BF2921F87A2 /* [CP] Embed Pods Frameworks */,
				A0694501D8D5C1A9C093E32B /* [CP] Copy Pods Resources */,
			);
			buildRules = (
			);
			dependencies = (
				77FDFF361F1562C4001FBC92 /* PBXTargetDependency */,
			);
			name = CantorTests;
			productName = CantorTests;
			productReference = 77FDFF341F1562C4001FBC92 /* CantorTests.xctest */;
			productType = "com.apple.product-type.bundle.unit-test";
		};
		77FDFF3E1F1562C4001FBC92 /* CantorUITests */ = {
			isa = PBXNativeTarget;
			buildConfigurationList = 77FDFF4E1F1562C4001FBC92 /* Build configuration list for PBXNativeTarget "CantorUITests" */;
			buildPhases = (
				AC33970AEE2C19D9429D50A6 /* [CP] Check Pods Manifest.lock */,
				77FDFF3B1F1562C4001FBC92 /* Sources */,
				77FDFF3C1F1562C4001FBC92 /* Frameworks */,
				77FDFF3D1F1562C4001FBC92 /* Resources */,
				DCED8BFDED00802A51B065D7 /* [CP] Embed Pods Frameworks */,
				929A797DCD1FF6CAA163954C /* [CP] Copy Pods Resources */,
			);
			buildRules = (
			);
			dependencies = (
				77FDFF411F1562C4001FBC92 /* PBXTargetDependency */,
			);
			name = CantorUITests;
			productName = CantorUITests;
			productReference = 77FDFF3F1F1562C4001FBC92 /* CantorUITests.xctest */;
			productType = "com.apple.product-type.bundle.ui-testing";
		};
/* End PBXNativeTarget section */

/* Begin PBXProject section */
		77FDFF181F1562C4001FBC92 /* Project object */ = {
			isa = PBXProject;
			attributes = {
				LastSwiftUpdateCheck = 0830;
				LastUpgradeCheck = 0830;
				ORGANIZATIONNAME = "Igor Kalinowski";
				TargetAttributes = {
					77FDFF1F1F1562C4001FBC92 = {
						CreatedOnToolsVersion = 8.3.2;
						DevelopmentTeam = 94HM43255T;
						ProvisioningStyle = Automatic;
					};
					77FDFF331F1562C4001FBC92 = {
						CreatedOnToolsVersion = 8.3.2;
						DevelopmentTeam = 94HM43255T;
						ProvisioningStyle = Automatic;
						TestTargetID = 77FDFF1F1F1562C4001FBC92;
					};
					77FDFF3E1F1562C4001FBC92 = {
						CreatedOnToolsVersion = 8.3.2;
						DevelopmentTeam = 94HM43255T;
						ProvisioningStyle = Automatic;
						TestTargetID = 77FDFF1F1F1562C4001FBC92;
					};
				};
			};
			buildConfigurationList = 77FDFF1B1F1562C4001FBC92 /* Build configuration list for PBXProject "Cantor" */;
			compatibilityVersion = "Xcode 3.2";
			developmentRegion = English;
			hasScannedForEncodings = 0;
			knownRegions = (
				en,
				Base,
			);
			mainGroup = 77FDFF171F1562C4001FBC92;
			productRefGroup = 77FDFF211F1562C4001FBC92 /* Products */;
			projectDirPath = "";
			projectRoot = "";
			targets = (
				77FDFF1F1F1562C4001FBC92 /* Cantor */,
				77FDFF331F1562C4001FBC92 /* CantorTests */,
				77FDFF3E1F1562C4001FBC92 /* CantorUITests */,
			);
		};
/* End PBXProject section */

/* Begin PBXResourcesBuildPhase section */
		77FDFF1E1F1562C4001FBC92 /* Resources */ = {
			isa = PBXResourcesBuildPhase;
			buildActionMask = 2147483647;
			files = (
				77B37F091F18D01B001DC2D3 /* currencies.plist in Resources */,
				77FDFF2E1F1562C4001FBC92 /* LaunchScreen.storyboard in Resources */,
				77FDFF601F1692F3001FBC92 /* GoogleService-Info.plist in Resources */,
				77FDFF2B1F1562C4001FBC92 /* Assets.xcassets in Resources */,
				77FDFF291F1562C4001FBC92 /* Main.storyboard in Resources */,
			);
			runOnlyForDeploymentPostprocessing = 0;
		};
		77FDFF321F1562C4001FBC92 /* Resources */ = {
			isa = PBXResourcesBuildPhase;
			buildActionMask = 2147483647;
			files = (
			);
			runOnlyForDeploymentPostprocessing = 0;
		};
		77FDFF3D1F1562C4001FBC92 /* Resources */ = {
			isa = PBXResourcesBuildPhase;
			buildActionMask = 2147483647;
			files = (
			);
			runOnlyForDeploymentPostprocessing = 0;
		};
/* End PBXResourcesBuildPhase section */

/* Begin PBXShellScriptBuildPhase section */
		0A0EAB9F84A6BC1DE6F32C8D /* [CP] Embed Pods Frameworks */ = {
			isa = PBXShellScriptBuildPhase;
			buildActionMask = 2147483647;
			files = (
			);
			inputPaths = (
			);
			name = "[CP] Embed Pods Frameworks";
			outputPaths = (
			);
			runOnlyForDeploymentPostprocessing = 0;
			shellPath = /bin/sh;
			shellScript = "\"${SRCROOT}/Pods/Target Support Files/Pods-Cantor/Pods-Cantor-frameworks.sh\"\n";
			showEnvVarsInLog = 0;
		};
		41418082D3CF795664CC11DB /* [CP] Check Pods Manifest.lock */ = {
			isa = PBXShellScriptBuildPhase;
			buildActionMask = 2147483647;
			files = (
			);
			inputPaths = (
			);
			name = "[CP] Check Pods Manifest.lock";
			outputPaths = (
			);
			runOnlyForDeploymentPostprocessing = 0;
			shellPath = /bin/sh;
			shellScript = "diff \"${PODS_PODFILE_DIR_PATH}/Podfile.lock\" \"${PODS_ROOT}/Manifest.lock\" > /dev/null\nif [ $? != 0 ] ; then\n    # print error to STDERR\n    echo \"error: The sandbox is not in sync with the Podfile.lock. Run 'pod install' or update your CocoaPods installation.\" >&2\n    exit 1\nfi\n";
			showEnvVarsInLog = 0;
		};
		41D3324EE9417BF2921F87A2 /* [CP] Embed Pods Frameworks */ = {
			isa = PBXShellScriptBuildPhase;
			buildActionMask = 2147483647;
			files = (
			);
			inputPaths = (
			);
			name = "[CP] Embed Pods Frameworks";
			outputPaths = (
			);
			runOnlyForDeploymentPostprocessing = 0;
			shellPath = /bin/sh;
			shellScript = "\"${SRCROOT}/Pods/Target Support Files/Pods-CantorTests/Pods-CantorTests-frameworks.sh\"\n";
			showEnvVarsInLog = 0;
		};
		72DF83C4B94F6F92CBE085E1 /* [CP] Copy Pods Resources */ = {
			isa = PBXShellScriptBuildPhase;
			buildActionMask = 2147483647;
			files = (
			);
			inputPaths = (
			);
			name = "[CP] Copy Pods Resources";
			outputPaths = (
			);
			runOnlyForDeploymentPostprocessing = 0;
			shellPath = /bin/sh;
			shellScript = "\"${SRCROOT}/Pods/Target Support Files/Pods-Cantor/Pods-Cantor-resources.sh\"\n";
			showEnvVarsInLog = 0;
		};
		77FDFF511F156460001FBC92 /* ShellScript */ = {
			isa = PBXShellScriptBuildPhase;
			buildActionMask = 2147483647;
			files = (
			);
			inputPaths = (
			);
			outputPaths = (
			);
			runOnlyForDeploymentPostprocessing = 0;
			shellPath = /bin/sh;
			shellScript = "buildNumber=$(/usr/libexec/PlistBuddy -c \"Print CFBundleVersion\" \"${PROJECT_DIR}/${INFOPLIST_FILE}\")\nbuildNumber=$(($buildNumber + 1))\n/usr/libexec/PlistBuddy -c \"Set :CFBundleVersion $buildNumber\" \"${PROJECT_DIR}/${INFOPLIST_FILE}\"\n";
		};
		929A797DCD1FF6CAA163954C /* [CP] Copy Pods Resources */ = {
			isa = PBXShellScriptBuildPhase;
			buildActionMask = 2147483647;
			files = (
			);
			inputPaths = (
			);
			name = "[CP] Copy Pods Resources";
			outputPaths = (
			);
			runOnlyForDeploymentPostprocessing = 0;
			shellPath = /bin/sh;
			shellScript = "\"${SRCROOT}/Pods/Target Support Files/Pods-CantorUITests/Pods-CantorUITests-resources.sh\"\n";
			showEnvVarsInLog = 0;
		};
		A0694501D8D5C1A9C093E32B /* [CP] Copy Pods Resources */ = {
			isa = PBXShellScriptBuildPhase;
			buildActionMask = 2147483647;
			files = (
			);
			inputPaths = (
			);
			name = "[CP] Copy Pods Resources";
			outputPaths = (
			);
			runOnlyForDeploymentPostprocessing = 0;
			shellPath = /bin/sh;
			shellScript = "\"${SRCROOT}/Pods/Target Support Files/Pods-CantorTests/Pods-CantorTests-resources.sh\"\n";
			showEnvVarsInLog = 0;
		};
		A0E72D48F65C638CF9CBC59E /* [CP] Check Pods Manifest.lock */ = {
			isa = PBXShellScriptBuildPhase;
			buildActionMask = 2147483647;
			files = (
			);
			inputPaths = (
			);
			name = "[CP] Check Pods Manifest.lock";
			outputPaths = (
			);
			runOnlyForDeploymentPostprocessing = 0;
			shellPath = /bin/sh;
			shellScript = "diff \"${PODS_PODFILE_DIR_PATH}/Podfile.lock\" \"${PODS_ROOT}/Manifest.lock\" > /dev/null\nif [ $? != 0 ] ; then\n    # print error to STDERR\n    echo \"error: The sandbox is not in sync with the Podfile.lock. Run 'pod install' or update your CocoaPods installation.\" >&2\n    exit 1\nfi\n";
			showEnvVarsInLog = 0;
		};
		AC33970AEE2C19D9429D50A6 /* [CP] Check Pods Manifest.lock */ = {
			isa = PBXShellScriptBuildPhase;
			buildActionMask = 2147483647;
			files = (
			);
			inputPaths = (
			);
			name = "[CP] Check Pods Manifest.lock";
			outputPaths = (
			);
			runOnlyForDeploymentPostprocessing = 0;
			shellPath = /bin/sh;
			shellScript = "diff \"${PODS_PODFILE_DIR_PATH}/Podfile.lock\" \"${PODS_ROOT}/Manifest.lock\" > /dev/null\nif [ $? != 0 ] ; then\n    # print error to STDERR\n    echo \"error: The sandbox is not in sync with the Podfile.lock. Run 'pod install' or update your CocoaPods installation.\" >&2\n    exit 1\nfi\n";
			showEnvVarsInLog = 0;
		};
		DCED8BFDED00802A51B065D7 /* [CP] Embed Pods Frameworks */ = {
			isa = PBXShellScriptBuildPhase;
			buildActionMask = 2147483647;
			files = (
			);
			inputPaths = (
			);
			name = "[CP] Embed Pods Frameworks";
			outputPaths = (
			);
			runOnlyForDeploymentPostprocessing = 0;
			shellPath = /bin/sh;
			shellScript = "\"${SRCROOT}/Pods/Target Support Files/Pods-CantorUITests/Pods-CantorUITests-frameworks.sh\"\n";
			showEnvVarsInLog = 0;
		};
/* End PBXShellScriptBuildPhase section */

/* Begin PBXSourcesBuildPhase section */
		77FDFF1C1F1562C4001FBC92 /* Sources */ = {
			isa = PBXSourcesBuildPhase;
			buildActionMask = 2147483647;
			files = (
				77FDFF261F1562C4001FBC92 /* ViewController.swift in Sources */,
				77FDFF5E1F166CF5001FBC92 /* FailedViewController.swift in Sources */,
				77B37F061F184D29001DC2D3 /* Cantor.swift in Sources */,
				77FDFF241F1562C4001FBC92 /* AppDelegate.swift in Sources */,
				77FDFF5C1F166B24001FBC92 /* SuccessViewController.swift in Sources */,
			);
			runOnlyForDeploymentPostprocessing = 0;
		};
		77FDFF301F1562C4001FBC92 /* Sources */ = {
			isa = PBXSourcesBuildPhase;
			buildActionMask = 2147483647;
			files = (
				77FDFF391F1562C4001FBC92 /* CantorTests.swift in Sources */,
			);
			runOnlyForDeploymentPostprocessing = 0;
		};
		77FDFF3B1F1562C4001FBC92 /* Sources */ = {
			isa = PBXSourcesBuildPhase;
			buildActionMask = 2147483647;
			files = (
				77FDFF441F1562C4001FBC92 /* CantorUITests.swift in Sources */,
			);
			runOnlyForDeploymentPostprocessing = 0;
		};
/* End PBXSourcesBuildPhase section */

/* Begin PBXTargetDependency section */
		77FDFF361F1562C4001FBC92 /* PBXTargetDependency */ = {
			isa = PBXTargetDependency;
			target = 77FDFF1F1F1562C4001FBC92 /* Cantor */;
			targetProxy = 77FDFF351F1562C4001FBC92 /* PBXContainerItemProxy */;
		};
		77FDFF411F1562C4001FBC92 /* PBXTargetDependency */ = {
			isa = PBXTargetDependency;
			target = 77FDFF1F1F1562C4001FBC92 /* Cantor */;
			targetProxy = 77FDFF401F1562C4001FBC92 /* PBXContainerItemProxy */;
		};
/* End PBXTargetDependency section */

/* Begin PBXVariantGroup section */
		77FDFF271F1562C4001FBC92 /* Main.storyboard */ = {
			isa = PBXVariantGroup;
			children = (
				77FDFF281F1562C4001FBC92 /* Base */,
				77B37F0B1F18E691001DC2D3 /* pl */,
			);
			name = Main.storyboard;
			sourceTree = "<group>";
		};
		77FDFF2C1F1562C4001FBC92 /* LaunchScreen.storyboard */ = {
			isa = PBXVariantGroup;
			children = (
				77FDFF2D1F1562C4001FBC92 /* Base */,
				77B37F0C1F18E691001DC2D3 /* pl */,
			);
			name = LaunchScreen.storyboard;
			sourceTree = "<group>";
		};
/* End PBXVariantGroup section */

/* Begin XCBuildConfiguration section */
		77FDFF461F1562C4001FBC92 /* Debug */ = {
			isa = XCBuildConfiguration;
			buildSettings = {
				ALWAYS_SEARCH_USER_PATHS = NO;
				CLANG_ANALYZER_LOCALIZABILITY_NONLOCALIZED = YES;
				CLANG_ANALYZER_NONNULL = YES;
				CLANG_ANALYZER_NUMBER_OBJECT_CONVERSION = YES_AGGRESSIVE;
				CLANG_CXX_LANGUAGE_STANDARD = "gnu++0x";
				CLANG_CXX_LIBRARY = "libc++";
				CLANG_ENABLE_MODULES = YES;
				CLANG_ENABLE_OBJC_ARC = YES;
				CLANG_WARN_BOOL_CONVERSION = YES;
				CLANG_WARN_CONSTANT_CONVERSION = YES;
				CLANG_WARN_DIRECT_OBJC_ISA_USAGE = YES_ERROR;
				CLANG_WARN_DOCUMENTATION_COMMENTS = YES;
				CLANG_WARN_EMPTY_BODY = YES;
				CLANG_WARN_ENUM_CONVERSION = YES;
				CLANG_WARN_INFINITE_RECURSION = YES;
				CLANG_WARN_INT_CONVERSION = YES;
				CLANG_WARN_OBJC_ROOT_CLASS = YES_ERROR;
				CLANG_WARN_SUSPICIOUS_MOVE = YES;
				CLANG_WARN_UNREACHABLE_CODE = YES;
				CLANG_WARN__DUPLICATE_METHOD_MATCH = YES;
				"CODE_SIGN_IDENTITY[sdk=iphoneos*]" = "iPhone Developer";
				COPY_PHASE_STRIP = NO;
				DEBUG_INFORMATION_FORMAT = dwarf;
				ENABLE_STRICT_OBJC_MSGSEND = YES;
				ENABLE_TESTABILITY = YES;
				GCC_C_LANGUAGE_STANDARD = gnu99;
				GCC_DYNAMIC_NO_PIC = NO;
				GCC_NO_COMMON_BLOCKS = YES;
				GCC_OPTIMIZATION_LEVEL = 0;
				GCC_PREPROCESSOR_DEFINITIONS = (
					"DEBUG=1",
					"$(inherited)",
				);
				GCC_WARN_64_TO_32_BIT_CONVERSION = YES;
				GCC_WARN_ABOUT_RETURN_TYPE = YES_ERROR;
				GCC_WARN_UNDECLARED_SELECTOR = YES;
				GCC_WARN_UNINITIALIZED_AUTOS = YES_AGGRESSIVE;
				GCC_WARN_UNUSED_FUNCTION = YES;
				GCC_WARN_UNUSED_VARIABLE = YES;
				IPHONEOS_DEPLOYMENT_TARGET = 10.3;
				MTL_ENABLE_DEBUG_INFO = YES;
				ONLY_ACTIVE_ARCH = YES;
				SDKROOT = iphoneos;
				SWIFT_ACTIVE_COMPILATION_CONDITIONS = DEBUG;
				SWIFT_OPTIMIZATION_LEVEL = "-Onone";
				TARGETED_DEVICE_FAMILY = "1,2";
			};
			name = Debug;
		};
		77FDFF471F1562C4001FBC92 /* Release */ = {
			isa = XCBuildConfiguration;
			buildSettings = {
				ALWAYS_SEARCH_USER_PATHS = NO;
				CLANG_ANALYZER_LOCALIZABILITY_NONLOCALIZED = YES;
				CLANG_ANALYZER_NONNULL = YES;
				CLANG_ANALYZER_NUMBER_OBJECT_CONVERSION = YES_AGGRESSIVE;
				CLANG_CXX_LANGUAGE_STANDARD = "gnu++0x";
				CLANG_CXX_LIBRARY = "libc++";
				CLANG_ENABLE_MODULES = YES;
				CLANG_ENABLE_OBJC_ARC = YES;
				CLANG_WARN_BOOL_CONVERSION = YES;
				CLANG_WARN_CONSTANT_CONVERSION = YES;
				CLANG_WARN_DIRECT_OBJC_ISA_USAGE = YES_ERROR;
				CLANG_WARN_DOCUMENTATION_COMMENTS = YES;
				CLANG_WARN_EMPTY_BODY = YES;
				CLANG_WARN_ENUM_CONVERSION = YES;
				CLANG_WARN_INFINITE_RECURSION = YES;
				CLANG_WARN_INT_CONVERSION = YES;
				CLANG_WARN_OBJC_ROOT_CLASS = YES_ERROR;
				CLANG_WARN_SUSPICIOUS_MOVE = YES;
				CLANG_WARN_UNREACHABLE_CODE = YES;
				CLANG_WARN__DUPLICATE_METHOD_MATCH = YES;
				"CODE_SIGN_IDENTITY[sdk=iphoneos*]" = "iPhone Developer";
				COPY_PHASE_STRIP = NO;
				DEBUG_INFORMATION_FORMAT = "dwarf-with-dsym";
				ENABLE_NS_ASSERTIONS = NO;
				ENABLE_STRICT_OBJC_MSGSEND = YES;
				GCC_C_LANGUAGE_STANDARD = gnu99;
				GCC_NO_COMMON_BLOCKS = YES;
				GCC_WARN_64_TO_32_BIT_CONVERSION = YES;
				GCC_WARN_ABOUT_RETURN_TYPE = YES_ERROR;
				GCC_WARN_UNDECLARED_SELECTOR = YES;
				GCC_WARN_UNINITIALIZED_AUTOS = YES_AGGRESSIVE;
				GCC_WARN_UNUSED_FUNCTION = YES;
				GCC_WARN_UNUSED_VARIABLE = YES;
				IPHONEOS_DEPLOYMENT_TARGET = 10.3;
				MTL_ENABLE_DEBUG_INFO = NO;
				SDKROOT = iphoneos;
				SWIFT_OPTIMIZATION_LEVEL = "-Owholemodule";
				TARGETED_DEVICE_FAMILY = "1,2";
				VALIDATE_PRODUCT = YES;
			};
			name = Release;
		};
		77FDFF491F1562C4001FBC92 /* Debug */ = {
			isa = XCBuildConfiguration;
			baseConfigurationReference = 884485D1EF4ACAF85BFD57B9 /* Pods-Cantor.debug.xcconfig */;
			buildSettings = {
				ASSETCATALOG_COMPILER_APPICON_NAME = AppIcon;
				DEVELOPMENT_TEAM = 94HM43255T;
				INFOPLIST_FILE = Cantor/Info.plist;
				LD_RUNPATH_SEARCH_PATHS = "$(inherited) @executable_path/Frameworks";
				PRODUCT_BUNDLE_IDENTIFIER = com.Ixy.Cantor;
				PRODUCT_NAME = "$(TARGET_NAME)";
				SWIFT_VERSION = 3.0;
			};
			name = Debug;
		};
		77FDFF4A1F1562C4001FBC92 /* Release */ = {
			isa = XCBuildConfiguration;
			baseConfigurationReference = 2837D8E5589E034CC071F3D7 /* Pods-Cantor.release.xcconfig */;
			buildSettings = {
				ASSETCATALOG_COMPILER_APPICON_NAME = AppIcon;
				DEVELOPMENT_TEAM = 94HM43255T;
				INFOPLIST_FILE = Cantor/Info.plist;
				LD_RUNPATH_SEARCH_PATHS = "$(inherited) @executable_path/Frameworks";
				PRODUCT_BUNDLE_IDENTIFIER = com.Ixy.Cantor;
				PRODUCT_NAME = "$(TARGET_NAME)";
				SWIFT_VERSION = 3.0;
			};
			name = Release;
		};
		77FDFF4C1F1562C4001FBC92 /* Debug */ = {
			isa = XCBuildConfiguration;
			baseConfigurationReference = FC9F9C8F7063BDE56083BE53 /* Pods-CantorTests.debug.xcconfig */;
			buildSettings = {
				ALWAYS_EMBED_SWIFT_STANDARD_LIBRARIES = YES;
				BUNDLE_LOADER = "$(TEST_HOST)";
				DEVELOPMENT_TEAM = 94HM43255T;
				INFOPLIST_FILE = CantorTests/Info.plist;
				LD_RUNPATH_SEARCH_PATHS = "$(inherited) @executable_path/Frameworks @loader_path/Frameworks";
				PRODUCT_BUNDLE_IDENTIFIER = com.Ixy.CantorTests;
				PRODUCT_NAME = "$(TARGET_NAME)";
				SWIFT_VERSION = 3.0;
				TEST_HOST = "$(BUILT_PRODUCTS_DIR)/Cantor.app/Cantor";
			};
			name = Debug;
		};
		77FDFF4D1F1562C4001FBC92 /* Release */ = {
			isa = XCBuildConfiguration;
			baseConfigurationReference = 91CABEBEAC23BEDD305C6994 /* Pods-CantorTests.release.xcconfig */;
			buildSettings = {
				ALWAYS_EMBED_SWIFT_STANDARD_LIBRARIES = YES;
				BUNDLE_LOADER = "$(TEST_HOST)";
				DEVELOPMENT_TEAM = 94HM43255T;
				INFOPLIST_FILE = CantorTests/Info.plist;
				LD_RUNPATH_SEARCH_PATHS = "$(inherited) @executable_path/Frameworks @loader_path/Frameworks";
				PRODUCT_BUNDLE_IDENTIFIER = com.Ixy.CantorTests;
				PRODUCT_NAME = "$(TARGET_NAME)";
				SWIFT_VERSION = 3.0;
				TEST_HOST = "$(BUILT_PRODUCTS_DIR)/Cantor.app/Cantor";
			};
			name = Release;
		};
		77FDFF4F1F1562C4001FBC92 /* Debug */ = {
			isa = XCBuildConfiguration;
			baseConfigurationReference = 08E040EDE5596A3E64BA4637 /* Pods-CantorUITests.debug.xcconfig */;
			buildSettings = {
				ALWAYS_EMBED_SWIFT_STANDARD_LIBRARIES = YES;
				DEVELOPMENT_TEAM = 94HM43255T;
				INFOPLIST_FILE = CantorUITests/Info.plist;
				LD_RUNPATH_SEARCH_PATHS = "$(inherited) @executable_path/Frameworks @loader_path/Frameworks";
				PRODUCT_BUNDLE_IDENTIFIER = com.Ixy.CantorUITests;
				PRODUCT_NAME = "$(TARGET_NAME)";
				SWIFT_VERSION = 3.0;
				TEST_TARGET_NAME = Cantor;
			};
			name = Debug;
		};
		77FDFF501F1562C4001FBC92 /* Release */ = {
			isa = XCBuildConfiguration;
			baseConfigurationReference = 8BC20AE6F4E771DEBADAD2A5 /* Pods-CantorUITests.release.xcconfig */;
			buildSettings = {
				ALWAYS_EMBED_SWIFT_STANDARD_LIBRARIES = YES;
				DEVELOPMENT_TEAM = 94HM43255T;
				INFOPLIST_FILE = CantorUITests/Info.plist;
				LD_RUNPATH_SEARCH_PATHS = "$(inherited) @executable_path/Frameworks @loader_path/Frameworks";
				PRODUCT_BUNDLE_IDENTIFIER = com.Ixy.CantorUITests;
				PRODUCT_NAME = "$(TARGET_NAME)";
				SWIFT_VERSION = 3.0;
				TEST_TARGET_NAME = Cantor;
			};
			name = Release;
		};
/* End XCBuildConfiguration section */

/* Begin XCConfigurationList section */
		77FDFF1B1F1562C4001FBC92 /* Build configuration list for PBXProject "Cantor" */ = {
			isa = XCConfigurationList;
			buildConfigurations = (
				77FDFF461F1562C4001FBC92 /* Debug */,
				77FDFF471F1562C4001FBC92 /* Release */,
			);
			defaultConfigurationIsVisible = 0;
			defaultConfigurationName = Release;
		};
		77FDFF481F1562C4001FBC92 /* Build configuration list for PBXNativeTarget "Cantor" */ = {
			isa = XCConfigurationList;
			buildConfigurations = (
				77FDFF491F1562C4001FBC92 /* Debug */,
				77FDFF4A1F1562C4001FBC92 /* Release */,
			);
			defaultConfigurationIsVisible = 0;
			defaultConfigurationName = Release;
		};
		77FDFF4B1F1562C4001FBC92 /* Build configuration list for PBXNativeTarget "CantorTests" */ = {
			isa = XCConfigurationList;
			buildConfigurations = (
				77FDFF4C1F1562C4001FBC92 /* Debug */,
				77FDFF4D1F1562C4001FBC92 /* Release */,
			);
			defaultConfigurationIsVisible = 0;
			defaultConfigurationName = Release;
		};
		77FDFF4E1F1562C4001FBC92 /* Build configuration list for PBXNativeTarget "CantorUITests" */ = {
			isa = XCConfigurationList;
			buildConfigurations = (
				77FDFF4F1F1562C4001FBC92 /* Debug */,
				77FDFF501F1562C4001FBC92 /* Release */,
			);
			defaultConfigurationIsVisible = 0;
			defaultConfigurationName = Release;
		};
/* End XCConfigurationList section */
	};
	rootObject = 77FDFF181F1562C4001FBC92 /* Project object */;
}
